{
  "pins" : [
    {
      "identity" : "caesura",
      "kind" : "remoteSourceControl",
      "location" : "https://github.com/Fleuronic/Caesura",
      "state" : {
        "branch" : "main",
        "revision" : "93c998acbae9530487de5b3e6a82779698667e46"
      }
    },
    {
      "identity" : "catena",
      "kind" : "remoteSourceControl",
      "location" : "https://github.com/Fleuronic/Catena",
      "state" : {
        "branch" : "main",
        "revision" : "ef685764ba13c9da00c6bb0a0089babaa7f9ecd2"
      }
    },
    {
      "identity" : "catenary",
      "kind" : "remoteSourceControl",
      "location" : "https://github.com/Fleuronic/Catenary",
      "state" : {
        "branch" : "main",
        "revision" : "80e8f3800b0027ee1164f79eac6f2ed903542b61"
      }
    },
    {
      "identity" : "catenoid",
      "kind" : "remoteSourceControl",
      "location" : "https://github.com/Fleuronic/Catenoid",
      "state" : {
        "branch" : "main",
        "revision" : "acf392cae2cb0cdb517d4912dbed7a7549f2e7d8"
      }
    },
    {
      "identity" : "collectionconcurrencykit",
      "kind" : "remoteSourceControl",
      "location" : "https://github.com/JohnSundell/CollectionConcurrencyKit.git",
      "state" : {
        "revision" : "b4f23e24b5a1bff301efc5e70871083ca029ff95",
        "version" : "0.2.0"
      }
    },
    {
      "identity" : "diesel",
      "kind" : "remoteSourceControl",
      "location" : "https://github.com/Fleuronic/Diesel",
      "state" : {
        "branch" : "main",
        "revision" : "1ea935ca10ec4c82b5705691cb7c834f57ed0f54"
      }
    },
    {
      "identity" : "dieselservice",
      "kind" : "remoteSourceControl",
      "location" : "https://github.com/Fleuronic/DieselService",
      "state" : {
        "branch" : "main",
        "revision" : "f90074259bc821fb566dd3ed55fb631829c1e813"
      }
    },
    {
      "identity" : "differ",
      "kind" : "remoteSourceControl",
      "location" : "https://github.com/tonyarnold/Differ.git",
      "state" : {
        "revision" : "5520fda947f1f9777a806389c2ba587219bc0538",
        "version" : "1.4.6"
      }
    },
    {
      "identity" : "identity",
      "kind" : "remoteSourceControl",
      "location" : "https://github.com/JohnSundell/Identity",
      "state" : {
        "revision" : "c3c9102e8d5c2cfcc44a8c7c4bbb7cf3f7c12be9",
        "version" : "0.3.0"
      }
    },
    {
      "identity" : "persistdb",
      "kind" : "remoteSourceControl",
      "location" : "https://github.com/Fleuronic/PersistDB",
      "state" : {
        "branch" : "master",
        "revision" : "c5938f5614d937bd342a44a6960108fa754abac8"
      }
    },
    {
      "identity" : "reactiveswift",
      "kind" : "remoteSourceControl",
      "location" : "https://github.com/ReactiveCocoa/ReactiveSwift.git",
      "state" : {
        "branch" : "swift-concurrency",
        "revision" : "3d40187c982346352d0adbe6b38e0e3d53fddc95"
      }
    },
    {
      "identity" : "schemata",
      "kind" : "remoteSourceControl",
      "location" : "https://github.com/Fleuronic/Schemata",
      "state" : {
        "branch" : "master",
        "revision" : "103895ce834495061e9d059ea429091842527e96"
      }
    },
    {
      "identity" : "sociableweaver",
      "kind" : "remoteSourceControl",
      "location" : "https://github.com/NicholasBellucci/SociableWeaver.git",
      "state" : {
        "revision" : "dd8368fcf1f8fef5d672ea64775dc6f7b02d7a92",
        "version" : "0.1.12"
      }
    },
    {
      "identity" : "uniform",
      "kind" : "remoteSourceControl",
      "location" : "https://github.com/Fleuronic/Uniform",
      "state" : {
        "branch" : "main",
        "revision" : "c1304278b82d2e72c198033d5b5d2ed03a60ab9b"
      }
    }
  ],
  "version" : 2
}
