{
  "originHash" : "e7809b36f7f109993cea5e58dd88218c2d9499df0533ca40a60f7af5ad434b30",
  "pins" : [
    {
      "identity" : "caesura",
      "kind" : "remoteSourceControl",
      "location" : "https://github.com/Fleuronic/Caesura",
      "state" : {
        "branch" : "main",
        "revision" : "ac0d10832d22933cdb97f8900a0eb6ff7b5e1d2d"
      }
    },
    {
      "identity" : "catena",
      "kind" : "remoteSourceControl",
      "location" : "https://github.com/Fleuronic/Catena",
      "state" : {
        "branch" : "main",
        "revision" : "912d76affb31853b78473715ee453e49f975ee0b"
      }
    },
    {
      "identity" : "catenary",
      "kind" : "remoteSourceControl",
      "location" : "https://github.com/Fleuronic/Catenary",
      "state" : {
        "branch" : "main",
        "revision" : "7537f38a248d685ca9e9f978d081dd2550be46bf"
      }
    },
    {
      "identity" : "catenoid",
      "kind" : "remoteSourceControl",
      "location" : "https://github.com/Fleuronic/Catenoid",
      "state" : {
        "branch" : "main",
        "revision" : "431758293b1ccfa00cee15d4bba512f668c1bb2a"
      }
    },
    {
      "identity" : "differ",
      "kind" : "remoteSourceControl",
      "location" : "https://github.com/tonyarnold/Differ",
      "state" : {
        "revision" : "5520fda947f1f9777a806389c2ba587219bc0538",
        "version" : "1.4.6"
      }
    },
    {
      "identity" : "drumkit",
      "kind" : "remoteSourceControl",
      "location" : "https://github.com/Fleuronic/DrumKit",
      "state" : {
        "branch" : "main",
        "revision" : "8c6aa799b4bc219f48385229acf758d81b09645b"
      }
    },
    {
      "identity" : "drumkitservice",
      "kind" : "remoteSourceControl",
      "location" : "https://github.com/Fleuronic/DrumKitService",
      "state" : {
        "branch" : "main",
        "revision" : "83923f69c87d691fbd2de8677805531e8cbbe4e1"
      }
    },
    {
      "identity" : "identity",
      "kind" : "remoteSourceControl",
      "location" : "https://github.com/jordanekay/Identity",
      "state" : {
        "branch" : "master",
        "revision" : "ff9dfdf4df87ff0d7064d40bdc230c5e55f0bcbf"
      }
    },
    {
      "identity" : "papyrus",
      "kind" : "remoteSourceControl",
      "location" : "https://github.com/jordanekay/papyrus",
      "state" : {
        "branch" : "main",
        "revision" : "ff604d6cca47a31a3e27588f6c5c155664175cb2"
      }
    },
    {
      "identity" : "persistdb",
      "kind" : "remoteSourceControl",
      "location" : "https://github.com/jordanekay/PersistDB",
      "state" : {
        "branch" : "master",
        "revision" : "75c77914db0f316b2d7269b8521b4226900d812d"
      }
    },
    {
      "identity" : "reactiveswift",
      "kind" : "remoteSourceControl",
      "location" : "https://github.com/ReactiveCocoa/ReactiveSwift.git",
      "state" : {
        "branch" : "swift-concurrency",
        "revision" : "3d40187c982346352d0adbe6b38e0e3d53fddc95"
      }
    },
    {
      "identity" : "schemata",
      "kind" : "remoteSourceControl",
      "location" : "https://github.com/jordanekay/Schemata",
      "state" : {
        "branch" : "master",
        "revision" : "776426b83cf9f11d9a88923388866f36504fda26"
      }
    },
    {
      "identity" : "sociableweaver",
      "kind" : "remoteSourceControl",
      "location" : "https://github.com/NicholasBellucci/SociableWeaver.git",
      "state" : {
        "revision" : "dd8368fcf1f8fef5d672ea64775dc6f7b02d7a92",
        "version" : "0.1.12"
      }
    },
    {
      "identity" : "swift-memberwise-init-macro",
      "kind" : "remoteSourceControl",
      "location" : "https://github.com/gohanlon/swift-memberwise-init-macro",
      "state" : {
        "revision" : "d0fb82bb6638051524214fb54524bfcd876735a1",
        "version" : "0.6.0"
      }
    },
    {
      "identity" : "swift-syntax",
      "kind" : "remoteSourceControl",
      "location" : "https://github.com/swiftlang/swift-syntax",
      "state" : {
        "revision" : "0687f71944021d616d34d922343dcef086855920",
        "version" : "600.0.1"
      }
    },
    {
      "identity" : "uniform",
      "kind" : "remoteSourceControl",
      "location" : "https://github.com/Fleuronic/Uniform",
      "state" : {
        "branch" : "main",
        "revision" : "91c36f4d0c4be920e2cd7616f751a6b29584d1e8"
      }
    }
  ],
  "version" : 3
}
