{
  "pins" : [
    {
      "identity" : "caesura",
      "kind" : "remoteSourceControl",
      "location" : "https://github.com/Fleuronic/Caesura",
      "state" : {
        "branch" : "main",
        "revision" : "f47f99fd7acd61bbd5a6efcedffdd314f550e78c"
      }
    },
    {
      "identity" : "catena",
      "kind" : "remoteSourceControl",
      "location" : "https://github.com/Fleuronic/Catena",
      "state" : {
        "branch" : "main",
        "revision" : "f661161e30093f46a8ab0f5dd332a353afa03fdb"
      }
    },
    {
      "identity" : "catenary",
      "kind" : "remoteSourceControl",
      "location" : "https://github.com/Fleuronic/Catenary",
      "state" : {
        "branch" : "main",
        "revision" : "aab47d2d922a92389449fffb54bc50332bac3657"
      }
    },
    {
      "identity" : "catenoid",
      "kind" : "remoteSourceControl",
      "location" : "https://github.com/Fleuronic/Catenoid",
      "state" : {
        "branch" : "main",
        "revision" : "053bc7cd09a4c08b0fc4b913d90a295db8fb6b4d"
      }
    },
    {
      "identity" : "collectionconcurrencykit",
      "kind" : "remoteSourceControl",
      "location" : "https://github.com/JohnSundell/CollectionConcurrencyKit.git",
      "state" : {
        "revision" : "b4f23e24b5a1bff301efc5e70871083ca029ff95",
        "version" : "0.2.0"
      }
    },
    {
      "identity" : "diesel",
      "kind" : "remoteSourceControl",
      "location" : "https://github.com/Fleuronic/Diesel.git",
      "state" : {
        "branch" : "main",
        "revision" : "95bafcc55e6d46e0a53d1404ce0c98a6e4d2e674"
      }
    },
    {
      "identity" : "dieselservice",
      "kind" : "remoteSourceControl",
      "location" : "https://github.com/Fleuronic/DieselService",
      "state" : {
        "branch" : "main",
        "revision" : "cd224ddac1aa5d5a371da516acbe652d4ddf8ac8"
      }
    },
    {
      "identity" : "differ",
      "kind" : "remoteSourceControl",
      "location" : "https://github.com/tonyarnold/Differ.git",
      "state" : {
        "revision" : "5520fda947f1f9777a806389c2ba587219bc0538",
        "version" : "1.4.6"
      }
    },
    {
      "identity" : "geode",
      "kind" : "remoteSourceControl",
      "location" : "https://github.com/Fleuronic/Geode",
      "state" : {
        "branch" : "main",
        "revision" : "b19af8aece8d41bbd416bc33bec6e75527728792"
      }
    },
    {
      "identity" : "geodeapi",
      "kind" : "remoteSourceControl",
      "location" : "https://github.com/Fleuronic/GeodeAPI",
      "state" : {
        "branch" : "main",
        "revision" : "a06c41d7530e9564c65bbf6d39fdaa48ec77f8a8"
      }
    },
    {
      "identity" : "geodeservice",
      "kind" : "remoteSourceControl",
      "location" : "https://github.com/Fleuronic/GeodeService",
      "state" : {
        "branch" : "main",
        "revision" : "5723e9fad3f0613aab933fe1880d63ee20501c19"
      }
    },
    {
      "identity" : "identity",
      "kind" : "remoteSourceControl",
      "location" : "https://github.com/JohnSundell/Identity",
      "state" : {
        "revision" : "c3c9102e8d5c2cfcc44a8c7c4bbb7cf3f7c12be9",
        "version" : "0.3.0"
      }
    },
    {
      "identity" : "initmacro",
      "kind" : "remoteSourceControl",
      "location" : "https://github.com/LeonardoCardoso/InitMacro.git",
      "state" : {
        "branch" : "main",
        "revision" : "41beaa5cc3f8884385df6d0acf49f79821ab2496"
      }
    },
    {
      "identity" : "persistdb",
      "kind" : "remoteSourceControl",
      "location" : "https://github.com/Fleuronic/PersistDB",
      "state" : {
        "branch" : "master",
        "revision" : "edc45a9c1a217c6640af2b8b1f2a2bc538997641"
      }
    },
    {
      "identity" : "reactiveswift",
      "kind" : "remoteSourceControl",
      "location" : "https://github.com/ReactiveCocoa/ReactiveSwift.git",
      "state" : {
        "branch" : "swift-concurrency",
        "revision" : "3d40187c982346352d0adbe6b38e0e3d53fddc95"
      }
    },
    {
      "identity" : "schemata",
      "kind" : "remoteSourceControl",
      "location" : "https://github.com/Fleuronic/Schemata",
      "state" : {
        "branch" : "master",
        "revision" : "0f0669c9f8bab8769c2710f5d3a91de95a2533d6"
      }
    },
    {
      "identity" : "sociableweaver",
      "kind" : "remoteSourceControl",
      "location" : "https://github.com/NicholasBellucci/SociableWeaver.git",
      "state" : {
        "revision" : "dd8368fcf1f8fef5d672ea64775dc6f7b02d7a92",
        "version" : "0.1.12"
      }
    },
    {
      "identity" : "swift-syntax",
      "kind" : "remoteSourceControl",
      "location" : "https://github.com/apple/swift-syntax",
      "state" : {
        "revision" : "74203046135342e4a4a627476dd6caf8b28fe11b",
        "version" : "509.0.0"
      }
    },
    {
      "identity" : "uniform",
      "kind" : "remoteSourceControl",
      "location" : "https://github.com/Fleuronic/Uniform",
      "state" : {
        "branch" : "main",
        "revision" : "1339fd363a152571f323a788b0233f0c7b76f06a"
      }
    },
    {
      "identity" : "yams",
      "kind" : "remoteSourceControl",
      "location" : "https://github.com/jpsim/Yams",
      "state" : {
        "revision" : "0d9ee7ea8c4ebd4a489ad7a73d5c6cad55d6fed3",
        "version" : "5.0.6"
      }
    }
  ],
  "version" : 2
}
